
Microsoft Visual Studio Solution File, Format Version 12.00
# Visual Studio Version 17
VisualStudioVersion = 17.14.36518.9 d17.14
MinimumVisualStudioVersion = 10.0.40219.1
Project("{FAE04EC0-301F-11D3-BF4B-00C04F79EFBC}") = "TBP_Backend", "TBP_Backend\TBP_Backend.csproj", "{C2A21E53-2909-42AA-BEE4-0EF1C45064C8}"
EndProject
Global
	GlobalSection(SolutionConfigurationPlatforms) = preSolution
		Debug|Any CPU = Debug|Any CPU
		Release|Any CPU = Release|Any CPU
	EndGlobalSection
	GlobalSection(ProjectConfigurationPlatforms) = postSolution
		{C2A21E53-2909-42AA-BEE4-0EF1C45064C8}.Debug|Any CPU.ActiveCfg = Debug|Any CPU
		{C2A21E53-2909-42AA-BEE4-0EF1C45064C8}.Debug|Any CPU.Build.0 = Debug|Any CPU
		{C2A21E53-2909-42AA-BEE4-0EF1C45064C8}.Release|Any CPU.ActiveCfg = Release|Any CPU
		{C2A21E53-2909-42AA-BEE4-0EF1C45064C8}.Release|Any CPU.Build.0 = Release|Any CPU
	EndGlobalSection
	GlobalSection(SolutionProperties) = preSolution
		HideSolutionNode = FALSE
	EndGlobalSection
	GlobalSection(ExtensibilityGlobals) = postSolution
		SolutionGuid = {BA9E9D01-C2FF-4E48-8EBB-085849FF1306}
	EndGlobalSection
EndGlobal
